
Microsoft Visual Studio Solution File, Format Version 12.00
# Visual Studio Version 16
VisualStudioVersion = 16.0.31129.286
MinimumVisualStudioVersion = 10.0.40219.1
Project("{FAE04EC0-301F-11D3-BF4B-00C04F79EFBC}") = "AboutMyDevice_Interface", "AboutMyDevice_Interface\AboutMyDevice_Interface.csproj", "{04E9F323-8A95-449A-830B-1F10CE94DA28}"
EndProject
Global
	GlobalSection(SolutionConfigurationPlatforms) = preSolution
		Debug|Any CPU = Debug|Any CPU
		Release|Any CPU = Release|Any CPU
	EndGlobalSection
	GlobalSection(ProjectConfigurationPlatforms) = postSolution
		{04E9F323-8A95-449A-830B-1F10CE94DA28}.Debug|Any CPU.ActiveCfg = Debug|Any CPU
		{04E9F323-8A95-449A-830B-1F10CE94DA28}.Debug|Any CPU.Build.0 = Debug|Any CPU
		{04E9F323-8A95-449A-830B-1F10CE94DA28}.Release|Any CPU.ActiveCfg = Release|Any CPU
		{04E9F323-8A95-449A-830B-1F10CE94DA28}.Release|Any CPU.Build.0 = Release|Any CPU
	EndGlobalSection
	GlobalSection(SolutionProperties) = preSolution
		HideSolutionNode = FALSE
	EndGlobalSection
	GlobalSection(ExtensibilityGlobals) = postSolution
		SolutionGuid = {180AEB18-1853-480C-82F0-CBA3CE1F43CF}
	EndGlobalSection
EndGlobal
